// !$*UTF8*$!
{
	archiveVersion = 1;
	classes = {
	};
	objectVersion = 50;
	objects = {

/* Begin PBXBuildFile section */
		B5C2BA6B23D7C4940036D11F /* AppDelegate.swift in Sources */ = {isa = PBXBuildFile; fileRef = B5C2BA6A23D7C4940036D11F /* AppDelegate.swift */; };
		B5C2BA6D23D7C4940036D11F /* SceneDelegate.swift in Sources */ = {isa = PBXBuildFile; fileRef = B5C2BA6C23D7C4940036D11F /* SceneDelegate.swift */; };
		B5C2BA6F23D7C4940036D11F /* ContentView.swift in Sources */ = {isa = PBXBuildFile; fileRef = B5C2BA6E23D7C4940036D11F /* ContentView.swift */; };
		B5C2BA7123D7C4970036D11F /* Assets.xcassets in Resources */ = {isa = PBXBuildFile; fileRef = B5C2BA7023D7C4970036D11F /* Assets.xcassets */; };
		B5C2BA7423D7C4970036D11F /* Preview Assets.xcassets in Resources */ = {isa = PBXBuildFile; fileRef = B5C2BA7323D7C4970036D11F /* Preview Assets.xcassets */; };
		B5C2BA7723D7C4970036D11F /* LaunchScreen.storyboard in Resources */ = {isa = PBXBuildFile; fileRef = B5C2BA7523D7C4970036D11F /* LaunchScreen.storyboard */; };
		B5C2BA8023D7C5440036D11F /* Amiibo.swift in Sources */ = {isa = PBXBuildFile; fileRef = B5C2BA7F23D7C5440036D11F /* Amiibo.swift */; };
		B5C2BA8523D7C59A0036D11F /* PagerView.swift in Sources */ = {isa = PBXBuildFile; fileRef = B5C2BA8423D7C59A0036D11F /* PagerView.swift */; };
/* End PBXBuildFile section */

/* Begin PBXFileReference section */
		B5C2BA6723D7C4940036D11F /* SwiftUI101.app */ = {isa = PBXFileReference; explicitFileType = wrapper.application; includeInIndex = 0; path = SwiftUI101.app; sourceTree = BUILT_PRODUCTS_DIR; };
		B5C2BA6A23D7C4940036D11F /* AppDelegate.swift */ = {isa = PBXFileReference; lastKnownFileType = sourcecode.swift; path = AppDelegate.swift; sourceTree = "<group>"; };
		B5C2BA6C23D7C4940036D11F /* SceneDelegate.swift */ = {isa = PBXFileReference; lastKnownFileType = sourcecode.swift; path = SceneDelegate.swift; sourceTree = "<group>"; };
		B5C2BA6E23D7C4940036D11F /* ContentView.swift */ = {isa = PBXFileReference; lastKnownFileType = sourcecode.swift; path = ContentView.swift; sourceTree = "<group>"; };
		B5C2BA7023D7C4970036D11F /* Assets.xcassets */ = {isa = PBXFileReference; lastKnownFileType = folder.assetcatalog; path = Assets.xcassets; sourceTree = "<group>"; };
		B5C2BA7323D7C4970036D11F /* Preview Assets.xcassets */ = {isa = PBXFileReference; lastKnownFileType = folder.assetcatalog; path = "Preview Assets.xcassets"; sourceTree = "<group>"; };
		B5C2BA7623D7C4970036D11F /* Base */ = {isa = PBXFileReference; lastKnownFileType = file.storyboard; name = Base; path = Base.lproj/LaunchScreen.storyboard; sourceTree = "<group>"; };
		B5C2BA7823D7C4970036D11F /* Info.plist */ = {isa = PBXFileReference; lastKnownFileType = text.plist.xml; path = Info.plist; sourceTree = "<group>"; };
		B5C2BA7F23D7C5440036D11F /* Amiibo.swift */ = {isa = PBXFileReference; lastKnownFileType = sourcecode.swift; path = Amiibo.swift; sourceTree = "<group>"; };
		B5C2BA8423D7C59A0036D11F /* PagerView.swift */ = {isa = PBXFileReference; lastKnownFileType = sourcecode.swift; path = PagerView.swift; sourceTree = "<group>"; };
/* End PBXFileReference section */

/* Begin PBXFrameworksBuildPhase section */
		B5C2BA6423D7C4940036D11F /* Frameworks */ = {
			isa = PBXFrameworksBuildPhase;
			buildActionMask = 2147483647;
			files = (
			);
			runOnlyForDeploymentPostprocessing = 0;
		};
/* End PBXFrameworksBuildPhase section */

/* Begin PBXGroup section */
		B5C2BA5E23D7C4940036D11F = {
			isa = PBXGroup;
			children = (
				B5C2BA6923D7C4940036D11F /* SwiftUI101 */,
				B5C2BA6823D7C4940036D11F /* Products */,
			);
			sourceTree = "<group>";
		};
		B5C2BA6823D7C4940036D11F /* Products */ = {
			isa = PBXGroup;
			children = (
				B5C2BA6723D7C4940036D11F /* SwiftUI101.app */,
			);
			name = Products;
			sourceTree = "<group>";
		};
		B5C2BA6923D7C4940036D11F /* SwiftUI101 */ = {
			isa = PBXGroup;
			children = (
				B5C2BA8223D7C56C0036D11F /* Observable Objects */,
				B5C2BA8123D7C5610036D11F /* State and Binding */,
				B5C2BA7E23D7C5310036D11F /* Combining Views */,
				B5C2BA6A23D7C4940036D11F /* AppDelegate.swift */,
				B5C2BA6C23D7C4940036D11F /* SceneDelegate.swift */,
				B5C2BA6E23D7C4940036D11F /* ContentView.swift */,
				B5C2BA7023D7C4970036D11F /* Assets.xcassets */,
				B5C2BA7523D7C4970036D11F /* LaunchScreen.storyboard */,
				B5C2BA7823D7C4970036D11F /* Info.plist */,
				B5C2BA7223D7C4970036D11F /* Preview Content */,
			);
			path = SwiftUI101;
			sourceTree = "<group>";
		};
		B5C2BA7223D7C4970036D11F /* Preview Content */ = {
			isa = PBXGroup;
			children = (
				B5C2BA7323D7C4970036D11F /* Preview Assets.xcassets */,
			);
			path = "Preview Content";
			sourceTree = "<group>";
		};
		B5C2BA7E23D7C5310036D11F /* Combining Views */ = {
			isa = PBXGroup;
			children = (
				B5C2BA7F23D7C5440036D11F /* Amiibo.swift */,
			);
			path = "Combining Views";
			sourceTree = "<group>";
		};
		B5C2BA8123D7C5610036D11F /* State and Binding */ = {
			isa = PBXGroup;
			children = (
			);
			path = "State and Binding";
			sourceTree = "<group>";
		};
		B5C2BA8223D7C56C0036D11F /* Observable Objects */ = {
			isa = PBXGroup;
			children = (
				B5C2BA8323D7C58E0036D11F /* Helper */,
			);
			path = "Observable Objects";
			sourceTree = "<group>";
		};
		B5C2BA8323D7C58E0036D11F /* Helper */ = {
			isa = PBXGroup;
			children = (
				B5C2BA8423D7C59A0036D11F /* PagerView.swift */,
			);
			path = Helper;
			sourceTree = "<group>";
		};
/* End PBXGroup section */

/* Begin PBXNativeTarget section */
		B5C2BA6623D7C4940036D11F /* SwiftUI101 */ = {
			isa = PBXNativeTarget;
			buildConfigurationList = B5C2BA7B23D7C4970036D11F /* Build configuration list for PBXNativeTarget "SwiftUI101" */;
			buildPhases = (
				B5C2BA6323D7C4940036D11F /* Sources */,
				B5C2BA6423D7C4940036D11F /* Frameworks */,
				B5C2BA6523D7C4940036D11F /* Resources */,
			);
			buildRules = (
			);
			dependencies = (
			);
			name = SwiftUI101;
			productName = SwiftUI101;
			productReference = B5C2BA6723D7C4940036D11F /* SwiftUI101.app */;
			productType = "com.apple.product-type.application";
		};
/* End PBXNativeTarget section */

/* Begin PBXProject section */
		B5C2BA5F23D7C4940036D11F /* Project object */ = {
			isa = PBXProject;
			attributes = {
				LastSwiftUpdateCheck = 1130;
				LastUpgradeCheck = 1130;
				ORGANIZATIONNAME = pedrorojas.dev;
				TargetAttributes = {
					B5C2BA6623D7C4940036D11F = {
						CreatedOnToolsVersion = 11.3;
					};
				};
			};
			buildConfigurationList = B5C2BA6223D7C4940036D11F /* Build configuration list for PBXProject "SwiftUI101" */;
			compatibilityVersion = "Xcode 9.3";
			developmentRegion = en;
			hasScannedForEncodings = 0;
			knownRegions = (
				en,
				Base,
			);
			mainGroup = B5C2BA5E23D7C4940036D11F;
			productRefGroup = B5C2BA6823D7C4940036D11F /* Products */;
			projectDirPath = "";
			projectRoot = "";
			targets = (
				B5C2BA6623D7C4940036D11F /* SwiftUI101 */,
			);
		};
/* End PBXProject section */

/* Begin PBXResourcesBuildPhase section */
		B5C2BA6523D7C4940036D11F /* Resources */ = {
			isa = PBXResourcesBuildPhase;
			buildActionMask = 2147483647;
			files = (
				B5C2BA7723D7C4970036D11F /* LaunchScreen.storyboard in Resources */,
				B5C2BA7423D7C4970036D11F /* Preview Assets.xcassets in Resources */,
				B5C2BA7123D7C4970036D11F /* Assets.xcassets in Resources */,
			);
			runOnlyForDeploymentPostprocessing = 0;
		};
/* End PBXResourcesBuildPhase section */

/* Begin PBXSourcesBuildPhase section */
		B5C2BA6323D7C4940036D11F /* Sources */ = {
			isa = PBXSourcesBuildPhase;
			buildActionMask = 2147483647;
			files = (
				B5C2BA8023D7C5440036D11F /* Amiibo.swift in Sources */,
				B5C2BA6B23D7C4940036D11F /* AppDelegate.swift in Sources */,
				B5C2BA6D23D7C4940036D11F /* SceneDelegate.swift in Sources */,
				B5C2BA8523D7C59A0036D11F /* PagerView.swift in Sources */,
				B5C2BA6F23D7C4940036D11F /* ContentView.swift in Sources */,
			);
			runOnlyForDeploymentPostprocessing = 0;
		};
/* End PBXSourcesBuildPhase section */

/* Begin PBXVariantGroup section */
		B5C2BA7523D7C4970036D11F /* LaunchScreen.storyboard */ = {
			isa = PBXVariantGroup;
			children = (
				B5C2BA7623D7C4970036D11F /* Base */,
			);
			name = LaunchScreen.storyboard;
			sourceTree = "<group>";
		};
/* End PBXVariantGroup section */

/* Begin XCBuildConfiguration section */
		B5C2BA7923D7C4970036D11F /* Debug */ = {
			isa = XCBuildConfiguration;
			buildSettings = {
				ALWAYS_SEARCH_USER_PATHS = NO;
				CLANG_ANALYZER_NONNULL = YES;
				CLANG_ANALYZER_NUMBER_OBJECT_CONVERSION = YES_AGGRESSIVE;
				CLANG_CXX_LANGUAGE_STANDARD = "gnu++14";
				CLANG_CXX_LIBRARY = "libc++";
				CLANG_ENABLE_MODULES = YES;
				CLANG_ENABLE_OBJC_ARC = YES;
				CLANG_ENABLE_OBJC_WEAK = YES;
				CLANG_WARN_BLOCK_CAPTURE_AUTORELEASING = YES;
				CLANG_WARN_BOOL_CONVERSION = YES;
				CLANG_WARN_COMMA = YES;
				CLANG_WARN_CONSTANT_CONVERSION = YES;
				CLANG_WARN_DEPRECATED_OBJC_IMPLEMENTATIONS = YES;
				CLANG_WARN_DIRECT_OBJC_ISA_USAGE = YES_ERROR;
				CLANG_WARN_DOCUMENTATION_COMMENTS = YES;
				CLANG_WARN_EMPTY_BODY = YES;
				CLANG_WARN_ENUM_CONVERSION = YES;
				CLANG_WARN_INFINITE_RECURSION = YES;
				CLANG_WARN_INT_CONVERSION = YES;
				CLANG_WARN_NON_LITERAL_NULL_CONVERSION = YES;
				CLANG_WARN_OBJC_IMPLICIT_RETAIN_SELF = YES;
				CLANG_WARN_OBJC_LITERAL_CONVERSION = YES;
				CLANG_WARN_OBJC_ROOT_CLASS = YES_ERROR;
				CLANG_WARN_RANGE_LOOP_ANALYSIS = YES;
				CLANG_WARN_STRICT_PROTOTYPES = YES;
				CLANG_WARN_SUSPICIOUS_MOVE = YES;
				CLANG_WARN_UNGUARDED_AVAILABILITY = YES_AGGRESSIVE;
				CLANG_WARN_UNREACHABLE_CODE = YES;
				CLANG_WARN__DUPLICATE_METHOD_MATCH = YES;
				COPY_PHASE_STRIP = NO;
				DEBUG_INFORMATION_FORMAT = dwarf;
				ENABLE_STRICT_OBJC_MSGSEND = YES;
				ENABLE_TESTABILITY = YES;
				GCC_C_LANGUAGE_STANDARD = gnu11;
				GCC_DYNAMIC_NO_PIC = NO;
				GCC_NO_COMMON_BLOCKS = YES;
				GCC_OPTIMIZATION_LEVEL = 0;
				GCC_PREPROCESSOR_DEFINITIONS = (
					"DEBUG=1",
					"$(inherited)",
				);
				GCC_WARN_64_TO_32_BIT_CONVERSION = YES;
				GCC_WARN_ABOUT_RETURN_TYPE = YES_ERROR;
				GCC_WARN_UNDECLARED_SELECTOR = YES;
				GCC_WARN_UNINITIALIZED_AUTOS = YES_AGGRESSIVE;
				GCC_WARN_UNUSED_FUNCTION = YES;
				GCC_WARN_UNUSED_VARIABLE = YES;
				IPHONEOS_DEPLOYMENT_TARGET = 13.2;
				MTL_ENABLE_DEBUG_INFO = INCLUDE_SOURCE;
				MTL_FAST_MATH = YES;
				ONLY_ACTIVE_ARCH = YES;
				SDKROOT = iphoneos;
				SWIFT_ACTIVE_COMPILATION_CONDITIONS = DEBUG;
				SWIFT_OPTIMIZATION_LEVEL = "-Onone";
			};
			name = Debug;
		};
		B5C2BA7A23D7C4970036D11F /* Release */ = {
			isa = XCBuildConfiguration;
			buildSettings = {
				ALWAYS_SEARCH_USER_PATHS = NO;
				CLANG_ANALYZER_NONNULL = YES;
				CLANG_ANALYZER_NUMBER_OBJECT_CONVERSION = YES_AGGRESSIVE;
				CLANG_CXX_LANGUAGE_STANDARD = "gnu++14";
				CLANG_CXX_LIBRARY = "libc++";
				CLANG_ENABLE_MODULES = YES;
				CLANG_ENABLE_OBJC_ARC = YES;
				CLANG_ENABLE_OBJC_WEAK = YES;
				CLANG_WARN_BLOCK_CAPTURE_AUTORELEASING = YES;
				CLANG_WARN_BOOL_CONVERSION = YES;
				CLANG_WARN_COMMA = YES;
				CLANG_WARN_CONSTANT_CONVERSION = YES;
				CLANG_WARN_DEPRECATED_OBJC_IMPLEMENTATIONS = YES;
				CLANG_WARN_DIRECT_OBJC_ISA_USAGE = YES_ERROR;
				CLANG_WARN_DOCUMENTATION_COMMENTS = YES;
				CLANG_WARN_EMPTY_BODY = YES;
				CLANG_WARN_ENUM_CONVERSION = YES;
				CLANG_WARN_INFINITE_RECURSION = YES;
				CLANG_WARN_INT_CONVERSION = YES;
				CLANG_WARN_NON_LITERAL_NULL_CONVERSION = YES;
				CLANG_WARN_OBJC_IMPLICIT_RETAIN_SELF = YES;
				CLANG_WARN_OBJC_LITERAL_CONVERSION = YES;
				CLANG_WARN_OBJC_ROOT_CLASS = YES_ERROR;
				CLANG_WARN_RANGE_LOOP_ANALYSIS = YES;
				CLANG_WARN_STRICT_PROTOTYPES = YES;
				CLANG_WARN_SUSPICIOUS_MOVE = YES;
				CLANG_WARN_UNGUARDED_AVAILABILITY = YES_AGGRESSIVE;
				CLANG_WARN_UNREACHABLE_CODE = YES;
				CLANG_WARN__DUPLICATE_METHOD_MATCH = YES;
				COPY_PHASE_STRIP = NO;
				DEBUG_INFORMATION_FORMAT = "dwarf-with-dsym";
				ENABLE_NS_ASSERTIONS = NO;
				ENABLE_STRICT_OBJC_MSGSEND = YES;
				GCC_C_LANGUAGE_STANDARD = gnu11;
				GCC_NO_COMMON_BLOCKS = YES;
				GCC_WARN_64_TO_32_BIT_CONVERSION = YES;
				GCC_WARN_ABOUT_RETURN_TYPE = YES_ERROR;
				GCC_WARN_UNDECLARED_SELECTOR = YES;
				GCC_WARN_UNINITIALIZED_AUTOS = YES_AGGRESSIVE;
				GCC_WARN_UNUSED_FUNCTION = YES;
				GCC_WARN_UNUSED_VARIABLE = YES;
				IPHONEOS_DEPLOYMENT_TARGET = 13.2;
				MTL_ENABLE_DEBUG_INFO = NO;
				MTL_FAST_MATH = YES;
				SDKROOT = iphoneos;
				SWIFT_COMPILATION_MODE = wholemodule;
				SWIFT_OPTIMIZATION_LEVEL = "-O";
				VALIDATE_PRODUCT = YES;
			};
			name = Release;
		};
		B5C2BA7C23D7C4970036D11F /* Debug */ = {
			isa = XCBuildConfiguration;
			buildSettings = {
				ASSETCATALOG_COMPILER_APPICON_NAME = AppIcon;
				CODE_SIGN_STYLE = Automatic;
				DEVELOPMENT_ASSET_PATHS = "\"SwiftUI101/Preview Content\"";
				DEVELOPMENT_TEAM = LHJA6J73E9;
				ENABLE_PREVIEWS = YES;
				INFOPLIST_FILE = SwiftUI101/Info.plist;
				LD_RUNPATH_SEARCH_PATHS = (
					"$(inherited)",
					"@executable_path/Frameworks",
				);
				PRODUCT_BUNDLE_IDENTIFIER = dev.pedrorojas.SwiftUI101;
				PRODUCT_NAME = "$(TARGET_NAME)";
				SWIFT_VERSION = 5.0;
				TARGETED_DEVICE_FAMILY = "1,2";
			};
			name = Debug;
		};
		B5C2BA7D23D7C4970036D11F /* Release */ = {
			isa = XCBuildConfiguration;
			buildSettings = {
				ASSETCATALOG_COMPILER_APPICON_NAME = AppIcon;
				CODE_SIGN_STYLE = Automatic;
				DEVELOPMENT_ASSET_PATHS = "\"SwiftUI101/Preview Content\"";
				DEVELOPMENT_TEAM = LHJA6J73E9;
				ENABLE_PREVIEWS = YES;
				INFOPLIST_FILE = SwiftUI101/Info.plist;
				LD_RUNPATH_SEARCH_PATHS = (
					"$(inherited)",
					"@executable_path/Frameworks",
				);
				PRODUCT_BUNDLE_IDENTIFIER = dev.pedrorojas.SwiftUI101;
				PRODUCT_NAME = "$(TARGET_NAME)";
				SWIFT_VERSION = 5.0;
				TARGETED_DEVICE_FAMILY = "1,2";
			};
			name = Release;
		};
/* End XCBuildConfiguration section */

/* Begin XCConfigurationList section */
		B5C2BA6223D7C4940036D11F /* Build configuration list for PBXProject "SwiftUI101" */ = {
			isa = XCConfigurationList;
			buildConfigurations = (
				B5C2BA7923D7C4970036D11F /* Debug */,
				B5C2BA7A23D7C4970036D11F /* Release */,
			);
			defaultConfigurationIsVisible = 0;
			defaultConfigurationName = Release;
		};
		B5C2BA7B23D7C4970036D11F /* Build configuration list for PBXNativeTarget "SwiftUI101" */ = {
			isa = XCConfigurationList;
			buildConfigurations = (
				B5C2BA7C23D7C4970036D11F /* Debug */,
				B5C2BA7D23D7C4970036D11F /* Release */,
			);
			defaultConfigurationIsVisible = 0;
			defaultConfigurationName = Release;
		};
/* End XCConfigurationList section */
	};
	rootObject = B5C2BA5F23D7C4940036D11F /* Project object */;
}
